<Solution>
  <Folder Name="/Solution Items/">
    <File Path="README.md" />
  </Folder>
  <Folder Name="/TodoUI/">
    <Project Path="TodoUI/todoui.esproj">
      <Build />
      <Deploy />
    </Project>
  </Folder>
  <Project Path="TodoApi.Tests/TodoApi.Tests.csproj" />
  <Project Path="TodoApi/TodoApi.csproj" />
</Solution>
